github.com/gnacho/netpulse/agent v1.2.1 h1:L9LFF0HzAV3XD16Wx1X9ELEOo3LC/NG+sqj7h+P0SqE=
github.com/gnacho/netpulse/agent v1.2.1/go.mod h1:jJxa2W2PR3BKIFI/GxnUHC9caOwhYM0wobbsoHitV6I=
github.com/gnacho/netpulse/agent v1.3.0 h1:fi5CGvXGxiflEf1EPhwPEMm89iMICtvPGpIRVSv1u2k=
github.com/gnacho/netpulse/agent v1.3.0/go.mod h1:jJxa2W2PR3BKIFI/GxnUHC9caOwhYM0wobbsoHitV6I=
github.com/gonzalop/mq v0.9.10 h1:7uaSKq/m/n0ElV3SJtXQTZnI5HyHtgoNIL/ufsxFU+8=
github.com/gonzalop/mq v0.9.10/go.mod h1:chaGtxnueekistsTKhDnLOoNdJPKEI6vadlUBRQS2ok=
gopkg.in/check.v1 v0.0.0-20161208181325-20d25e280405 h1:yhCVgyC4o1eVCa2tZl7eS0r+SDo693bJlVdllGtEeKM=
gopkg.in/check.v1 v0.0.0-20161208181325-20d25e280405/go.mod h1:Co6ibVJAznAaIkqp8huTwlJQCZ016jof/cbN4VW5Yz0=
gopkg.in/yaml.v3 v3.0.1 h1:fxVm/GzAzEWqLHuvctI91KS9hhNmmWOoWu0XTYJS7CA=
gopkg.in/yaml.v3 v3.0.1/go.mod h1:K4uyk7z7BCEPqu6E+C64Yfv1cQ7kz7rIZviUmN+EgEM=
